github.com/creack/pty v1.1.17 h1:QeVUsEDNrLBW4tMgZHvxy18sKtr6VI492kBhUfhDJNI=
github.com/creack/pty v1.1.17/go.mod h1:MOBLtS5ELjhRRrroQr9kyvTxUAFNvYEK993ew/Vr4O4=
github.com/stianeikeland/go-rpio/v4 v4.6.0 h1:eAJgtw3jTtvn/CqwbC82ntcS+dtzUTgo5qlZKe677EY=
github.com/stianeikeland/go-rpio/v4 v4.6.0/go.mod h1:A3GvHxC1Om5zaId+HqB3HKqx4K/AqeckxB7qRjxMK7o=
github.com/tjboldt/ProDOS-Utilities v0.3.0 h1:nlBvrGtvAV7KBfxiSkXHdosmDLEYAXMq955P8NL0qiE=
github.com/tjboldt/ProDOS-Utilities v0.3.0/go.mod h1:eBQRf0U+goRbBOxzFCwRW+FZmALC8dfYaqCwcqwzi74=
